
Microsoft Visual Studio Solution File, Format Version 12.00
# Visual Studio Version 16
VisualStudioVersion = 16.0.30225.117
MinimumVisualStudioVersion = 10.0.40219.1
Project("{9A19103F-16F7-4668-BE54-9A1E7A4F7556}") = "DataAccess", "DataAccess\DataAccess.csproj", "{ED4643D7-143D-45D2-9299-0D517BD7F99C}"
EndProject
Project("{9A19103F-16F7-4668-BE54-9A1E7A4F7556}") = "Business", "Business\Business.csproj", "{0F541976-B2CE-42B8-B459-F140454E87C8}"
EndProject
Project("{9A19103F-16F7-4668-BE54-9A1E7A4F7556}") = "Entities", "Entities\Entities.csproj", "{621F22EB-DC4C-4FBA-A1AB-49FC78D5DCF3}"
EndProject
Project("{9A19103F-16F7-4668-BE54-9A1E7A4F7556}") = "ConsoleUI", "ConsoleUI\ConsoleUI.csproj", "{BE0C1751-A834-4FA1-99CB-EE828B15DC93}"
EndProject
Project("{9A19103F-16F7-4668-BE54-9A1E7A4F7556}") = "Core", "Core\Core.csproj", "{384A6400-D092-4C69-9681-6AA1AA89BBD2}"
EndProject
Project("{FAE04EC0-301F-11D3-BF4B-00C04F79EFBC}") = "WebAPI", "WebAPI\WebAPI.csproj", "{20C562C6-4D92-4503-8B7B-EC19E359CB66}"
EndProject
Global
	GlobalSection(SolutionConfigurationPlatforms) = preSolution
		Debug|Any CPU = Debug|Any CPU
		Release|Any CPU = Release|Any CPU
	EndGlobalSection
	GlobalSection(ProjectConfigurationPlatforms) = postSolution
		{ED4643D7-143D-45D2-9299-0D517BD7F99C}.Debug|Any CPU.ActiveCfg = Debug|Any CPU
		{ED4643D7-143D-45D2-9299-0D517BD7F99C}.Debug|Any CPU.Build.0 = Debug|Any CPU
		{ED4643D7-143D-45D2-9299-0D517BD7F99C}.Release|Any CPU.ActiveCfg = Release|Any CPU
		{ED4643D7-143D-45D2-9299-0D517BD7F99C}.Release|Any CPU.Build.0 = Release|Any CPU
		{0F541976-B2CE-42B8-B459-F140454E87C8}.Debug|Any CPU.ActiveCfg = Debug|Any CPU
		{0F541976-B2CE-42B8-B459-F140454E87C8}.Debug|Any CPU.Build.0 = Debug|Any CPU
		{0F541976-B2CE-42B8-B459-F140454E87C8}.Release|Any CPU.ActiveCfg = Release|Any CPU
		{0F541976-B2CE-42B8-B459-F140454E87C8}.Release|Any CPU.Build.0 = Release|Any CPU
		{621F22EB-DC4C-4FBA-A1AB-49FC78D5DCF3}.Debug|Any CPU.ActiveCfg = Debug|Any CPU
		{621F22EB-DC4C-4FBA-A1AB-49FC78D5DCF3}.Debug|Any CPU.Build.0 = Debug|Any CPU
		{621F22EB-DC4C-4FBA-A1AB-49FC78D5DCF3}.Release|Any CPU.ActiveCfg = Release|Any CPU
		{621F22EB-DC4C-4FBA-A1AB-49FC78D5DCF3}.Release|Any CPU.Build.0 = Release|Any CPU
		{BE0C1751-A834-4FA1-99CB-EE828B15DC93}.Debug|Any CPU.ActiveCfg = Debug|Any CPU
		{BE0C1751-A834-4FA1-99CB-EE828B15DC93}.Debug|Any CPU.Build.0 = Debug|Any CPU
		{BE0C1751-A834-4FA1-99CB-EE828B15DC93}.Release|Any CPU.ActiveCfg = Release|Any CPU
		{BE0C1751-A834-4FA1-99CB-EE828B15DC93}.Release|Any CPU.Build.0 = Release|Any CPU
		{384A6400-D092-4C69-9681-6AA1AA89BBD2}.Debug|Any CPU.ActiveCfg = Debug|Any CPU
		{384A6400-D092-4C69-9681-6AA1AA89BBD2}.Debug|Any CPU.Build.0 = Debug|Any CPU
		{384A6400-D092-4C69-9681-6AA1AA89BBD2}.Release|Any CPU.ActiveCfg = Release|Any CPU
		{384A6400-D092-4C69-9681-6AA1AA89BBD2}.Release|Any CPU.Build.0 = Release|Any CPU
		{20C562C6-4D92-4503-8B7B-EC19E359CB66}.Debug|Any CPU.ActiveCfg = Debug|Any CPU
		{20C562C6-4D92-4503-8B7B-EC19E359CB66}.Debug|Any CPU.Build.0 = Debug|Any CPU
		{20C562C6-4D92-4503-8B7B-EC19E359CB66}.Release|Any CPU.ActiveCfg = Release|Any CPU
		{20C562C6-4D92-4503-8B7B-EC19E359CB66}.Release|Any CPU.Build.0 = Release|Any CPU
	EndGlobalSection
	GlobalSection(SolutionProperties) = preSolution
		HideSolutionNode = FALSE
	EndGlobalSection
	GlobalSection(ExtensibilityGlobals) = postSolution
		SolutionGuid = {9783BEEB-7654-40AA-AFFA-FDE4A9685570}
	EndGlobalSection
EndGlobal
